// !$*UTF8*$!
{
	archiveVersion = 1;
	classes = {
	};
	objectVersion = 46;
	objects = {

/* Begin PBXBuildFile section */
		5E45719D1A75272000FE58E7 /* ClockViewController.swift in Sources */ = {isa = PBXBuildFile; fileRef = 5E45719B1A75272000FE58E7 /* ClockViewController.swift */; };
		5E45719E1A75272000FE58E7 /* MainViewController.swift in Sources */ = {isa = PBXBuildFile; fileRef = 5E45719C1A75272000FE58E7 /* MainViewController.swift */; };
		5E4571A71A754C7E00FE58E7 /* TeamTomatoWizard.swift in Sources */ = {isa = PBXBuildFile; fileRef = 5E4571A61A754C7E00FE58E7 /* TeamTomatoWizard.swift */; };
		5E4571A91A754CCA00FE58E7 /* Status.swift in Sources */ = {isa = PBXBuildFile; fileRef = 5E4571A81A754CCA00FE58E7 /* Status.swift */; };
		5E4571AB1A755A1900FE58E7 /* Tomato.swift in Sources */ = {isa = PBXBuildFile; fileRef = 5E4571AA1A755A1900FE58E7 /* Tomato.swift */; };
		5EC2A30B1A74F31B000DDF9B /* AppDelegate.swift in Sources */ = {isa = PBXBuildFile; fileRef = 5EC2A30A1A74F31B000DDF9B /* AppDelegate.swift */; };
		5EC2A3121A74F31B000DDF9B /* Images.xcassets in Resources */ = {isa = PBXBuildFile; fileRef = 5EC2A3111A74F31B000DDF9B /* Images.xcassets */; };
		5EC2A3151A74F31B000DDF9B /* LaunchScreen.xib in Resources */ = {isa = PBXBuildFile; fileRef = 5EC2A3131A74F31B000DDF9B /* LaunchScreen.xib */; };
		5EC2A3211A74F31B000DDF9B /* teamodoro_iosTests.swift in Sources */ = {isa = PBXBuildFile; fileRef = 5EC2A3201A74F31B000DDF9B /* teamodoro_iosTests.swift */; };
/* End PBXBuildFile section */

/* Begin PBXContainerItemProxy section */
		5EC2A31B1A74F31B000DDF9B /* PBXContainerItemProxy */ = {
			isa = PBXContainerItemProxy;
			containerPortal = 5EC2A2FD1A74F31B000DDF9B /* Project object */;
			proxyType = 1;
			remoteGlobalIDString = 5EC2A3041A74F31B000DDF9B;
			remoteInfo = "teamodoro-ios";
		};
/* End PBXContainerItemProxy section */

/* Begin PBXFileReference section */
		5E45719B1A75272000FE58E7 /* ClockViewController.swift */ = {isa = PBXFileReference; fileEncoding = 4; lastKnownFileType = sourcecode.swift; path = ClockViewController.swift; sourceTree = "<group>"; };
		5E45719C1A75272000FE58E7 /* MainViewController.swift */ = {isa = PBXFileReference; fileEncoding = 4; lastKnownFileType = sourcecode.swift; path = MainViewController.swift; sourceTree = "<group>"; };
		5E4571A61A754C7E00FE58E7 /* TeamTomatoWizard.swift */ = {isa = PBXFileReference; fileEncoding = 4; lastKnownFileType = sourcecode.swift; path = TeamTomatoWizard.swift; sourceTree = "<group>"; };
		5E4571A81A754CCA00FE58E7 /* Status.swift */ = {isa = PBXFileReference; fileEncoding = 4; lastKnownFileType = sourcecode.swift; path = Status.swift; sourceTree = "<group>"; };
		5E4571AA1A755A1900FE58E7 /* Tomato.swift */ = {isa = PBXFileReference; fileEncoding = 4; lastKnownFileType = sourcecode.swift; path = Tomato.swift; sourceTree = "<group>"; };
		5EC2A3051A74F31B000DDF9B /* teamodoro-ios.app */ = {isa = PBXFileReference; explicitFileType = wrapper.application; includeInIndex = 0; path = "teamodoro-ios.app"; sourceTree = BUILT_PRODUCTS_DIR; };
		5EC2A3091A74F31B000DDF9B /* Info.plist */ = {isa = PBXFileReference; lastKnownFileType = text.plist.xml; path = Info.plist; sourceTree = "<group>"; };
		5EC2A30A1A74F31B000DDF9B /* AppDelegate.swift */ = {isa = PBXFileReference; lastKnownFileType = sourcecode.swift; path = AppDelegate.swift; sourceTree = "<group>"; };
		5EC2A3111A74F31B000DDF9B /* Images.xcassets */ = {isa = PBXFileReference; lastKnownFileType = folder.assetcatalog; path = Images.xcassets; sourceTree = "<group>"; };
		5EC2A3141A74F31B000DDF9B /* Base */ = {isa = PBXFileReference; lastKnownFileType = file.xib; name = Base; path = Base.lproj/LaunchScreen.xib; sourceTree = "<group>"; };
		5EC2A31A1A74F31B000DDF9B /* teamodoro-iosTests.xctest */ = {isa = PBXFileReference; explicitFileType = wrapper.cfbundle; includeInIndex = 0; path = "teamodoro-iosTests.xctest"; sourceTree = BUILT_PRODUCTS_DIR; };
		5EC2A31F1A74F31B000DDF9B /* Info.plist */ = {isa = PBXFileReference; lastKnownFileType = text.plist.xml; path = Info.plist; sourceTree = "<group>"; };
		5EC2A3201A74F31B000DDF9B /* teamodoro_iosTests.swift */ = {isa = PBXFileReference; lastKnownFileType = sourcecode.swift; path = teamodoro_iosTests.swift; sourceTree = "<group>"; };
/* End PBXFileReference section */

/* Begin PBXFrameworksBuildPhase section */
		5EC2A3021A74F31B000DDF9B /* Frameworks */ = {
			isa = PBXFrameworksBuildPhase;
			buildActionMask = 2147483647;
			files = (
			);
			runOnlyForDeploymentPostprocessing = 0;
		};
		5EC2A3171A74F31B000DDF9B /* Frameworks */ = {
			isa = PBXFrameworksBuildPhase;
			buildActionMask = 2147483647;
			files = (
			);
			runOnlyForDeploymentPostprocessing = 0;
		};
/* End PBXFrameworksBuildPhase section */

/* Begin PBXGroup section */
		5E45719A1A75272000FE58E7 /* Controllers */ = {
			isa = PBXGroup;
			children = (
				5E45719C1A75272000FE58E7 /* MainViewController.swift */,
				5E45719B1A75272000FE58E7 /* ClockViewController.swift */,
			);
			path = Controllers;
			sourceTree = "<group>";
		};
		5E4571A51A754C7E00FE58E7 /* TeamadoroAPI */ = {
			isa = PBXGroup;
			children = (
				5E4571AA1A755A1900FE58E7 /* Tomato.swift */,
				5E4571A61A754C7E00FE58E7 /* TeamTomatoWizard.swift */,
				5E4571A81A754CCA00FE58E7 /* Status.swift */,
			);
			path = TeamadoroAPI;
			sourceTree = "<group>";
		};
		5EC2A2FC1A74F31B000DDF9B = {
			isa = PBXGroup;
			children = (
				5EC2A3071A74F31B000DDF9B /* teamodoro-ios */,
				5EC2A31D1A74F31B000DDF9B /* teamodoro-iosTests */,
				5EC2A3061A74F31B000DDF9B /* Products */,
			);
			sourceTree = "<group>";
		};
		5EC2A3061A74F31B000DDF9B /* Products */ = {
			isa = PBXGroup;
			children = (
				5EC2A3051A74F31B000DDF9B /* teamodoro-ios.app */,
				5EC2A31A1A74F31B000DDF9B /* teamodoro-iosTests.xctest */,
			);
			name = Products;
			sourceTree = "<group>";
		};
		5EC2A3071A74F31B000DDF9B /* teamodoro-ios */ = {
			isa = PBXGroup;
			children = (
				5EC2A30A1A74F31B000DDF9B /* AppDelegate.swift */,
				5EC2A3111A74F31B000DDF9B /* Images.xcassets */,
				5EC2A3131A74F31B000DDF9B /* LaunchScreen.xib */,
				5E4571A51A754C7E00FE58E7 /* TeamadoroAPI */,
				5E45719A1A75272000FE58E7 /* Controllers */,
				5EC2A3081A74F31B000DDF9B /* Supporting Files */,
			);
			path = "teamodoro-ios";
			sourceTree = "<group>";
		};
		5EC2A3081A74F31B000DDF9B /* Supporting Files */ = {
			isa = PBXGroup;
			children = (
				5EC2A3091A74F31B000DDF9B /* Info.plist */,
			);
			name = "Supporting Files";
			sourceTree = "<group>";
		};
		5EC2A31D1A74F31B000DDF9B /* teamodoro-iosTests */ = {
			isa = PBXGroup;
			children = (
				5EC2A3201A74F31B000DDF9B /* teamodoro_iosTests.swift */,
				5EC2A31E1A74F31B000DDF9B /* Supporting Files */,
			);
			path = "teamodoro-iosTests";
			sourceTree = "<group>";
		};
		5EC2A31E1A74F31B000DDF9B /* Supporting Files */ = {
			isa = PBXGroup;
			children = (
				5EC2A31F1A74F31B000DDF9B /* Info.plist */,
			);
			name = "Supporting Files";
			sourceTree = "<group>";
		};
/* End PBXGroup section */

/* Begin PBXNativeTarget section */
		5EC2A3041A74F31B000DDF9B /* teamodoro-ios */ = {
			isa = PBXNativeTarget;
			buildConfigurationList = 5EC2A3241A74F31B000DDF9B /* Build configuration list for PBXNativeTarget "teamodoro-ios" */;
			buildPhases = (
				5EC2A3011A74F31B000DDF9B /* Sources */,
				5EC2A3021A74F31B000DDF9B /* Frameworks */,
				5EC2A3031A74F31B000DDF9B /* Resources */,
			);
			buildRules = (
			);
			dependencies = (
			);
			name = "teamodoro-ios";
			productName = "teamodoro-ios";
			productReference = 5EC2A3051A74F31B000DDF9B /* teamodoro-ios.app */;
			productType = "com.apple.product-type.application";
		};
		5EC2A3191A74F31B000DDF9B /* teamodoro-iosTests */ = {
			isa = PBXNativeTarget;
			buildConfigurationList = 5EC2A3271A74F31B000DDF9B /* Build configuration list for PBXNativeTarget "teamodoro-iosTests" */;
			buildPhases = (
				5EC2A3161A74F31B000DDF9B /* Sources */,
				5EC2A3171A74F31B000DDF9B /* Frameworks */,
				5EC2A3181A74F31B000DDF9B /* Resources */,
			);
			buildRules = (
			);
			dependencies = (
				5EC2A31C1A74F31B000DDF9B /* PBXTargetDependency */,
			);
			name = "teamodoro-iosTests";
			productName = "teamodoro-iosTests";
			productReference = 5EC2A31A1A74F31B000DDF9B /* teamodoro-iosTests.xctest */;
			productType = "com.apple.product-type.bundle.unit-test";
		};
/* End PBXNativeTarget section */

/* Begin PBXProject section */
		5EC2A2FD1A74F31B000DDF9B /* Project object */ = {
			isa = PBXProject;
			attributes = {
				LastUpgradeCheck = 0610;
				ORGANIZATIONNAME = "Alexander Makarov";
				TargetAttributes = {
					5EC2A3041A74F31B000DDF9B = {
						CreatedOnToolsVersion = 6.1.1;
					};
					5EC2A3191A74F31B000DDF9B = {
						CreatedOnToolsVersion = 6.1.1;
						TestTargetID = 5EC2A3041A74F31B000DDF9B;
					};
				};
			};
			buildConfigurationList = 5EC2A3001A74F31B000DDF9B /* Build configuration list for PBXProject "teamodoro-ios" */;
			compatibilityVersion = "Xcode 3.2";
			developmentRegion = English;
			hasScannedForEncodings = 0;
			knownRegions = (
				en,
				Base,
			);
			mainGroup = 5EC2A2FC1A74F31B000DDF9B;
			productRefGroup = 5EC2A3061A74F31B000DDF9B /* Products */;
			projectDirPath = "";
			projectRoot = "";
			targets = (
				5EC2A3041A74F31B000DDF9B /* teamodoro-ios */,
				5EC2A3191A74F31B000DDF9B /* teamodoro-iosTests */,
			);
		};
/* End PBXProject section */

/* Begin PBXResourcesBuildPhase section */
		5EC2A3031A74F31B000DDF9B /* Resources */ = {
			isa = PBXResourcesBuildPhase;
			buildActionMask = 2147483647;
			files = (
				5EC2A3151A74F31B000DDF9B /* LaunchScreen.xib in Resources */,
				5EC2A3121A74F31B000DDF9B /* Images.xcassets in Resources */,
			);
			runOnlyForDeploymentPostprocessing = 0;
		};
		5EC2A3181A74F31B000DDF9B /* Resources */ = {
			isa = PBXResourcesBuildPhase;
			buildActionMask = 2147483647;
			files = (
			);
			runOnlyForDeploymentPostprocessing = 0;
		};
/* End PBXResourcesBuildPhase section */

/* Begin PBXSourcesBuildPhase section */
		5EC2A3011A74F31B000DDF9B /* Sources */ = {
			isa = PBXSourcesBuildPhase;
			buildActionMask = 2147483647;
			files = (
				5E45719E1A75272000FE58E7 /* MainViewController.swift in Sources */,
				5E4571AB1A755A1900FE58E7 /* Tomato.swift in Sources */,
				5E4571A91A754CCA00FE58E7 /* Status.swift in Sources */,
				5E4571A71A754C7E00FE58E7 /* TeamTomatoWizard.swift in Sources */,
				5EC2A30B1A74F31B000DDF9B /* AppDelegate.swift in Sources */,
				5E45719D1A75272000FE58E7 /* ClockViewController.swift in Sources */,
			);
			runOnlyForDeploymentPostprocessing = 0;
		};
		5EC2A3161A74F31B000DDF9B /* Sources */ = {
			isa = PBXSourcesBuildPhase;
			buildActionMask = 2147483647;
			files = (
				5EC2A3211A74F31B000DDF9B /* teamodoro_iosTests.swift in Sources */,
			);
			runOnlyForDeploymentPostprocessing = 0;
		};
/* End PBXSourcesBuildPhase section */

/* Begin PBXTargetDependency section */
		5EC2A31C1A74F31B000DDF9B /* PBXTargetDependency */ = {
			isa = PBXTargetDependency;
			target = 5EC2A3041A74F31B000DDF9B /* teamodoro-ios */;
			targetProxy = 5EC2A31B1A74F31B000DDF9B /* PBXContainerItemProxy */;
		};
/* End PBXTargetDependency section */

/* Begin PBXVariantGroup section */
		5EC2A3131A74F31B000DDF9B /* LaunchScreen.xib */ = {
			isa = PBXVariantGroup;
			children = (
				5EC2A3141A74F31B000DDF9B /* Base */,
			);
			name = LaunchScreen.xib;
			sourceTree = "<group>";
		};
/* End PBXVariantGroup section */

/* Begin XCBuildConfiguration section */
		5EC2A3221A74F31B000DDF9B /* Debug */ = {
			isa = XCBuildConfiguration;
			buildSettings = {
				ALWAYS_SEARCH_USER_PATHS = NO;
				CLANG_CXX_LANGUAGE_STANDARD = "gnu++0x";
				CLANG_CXX_LIBRARY = "libc++";
				CLANG_ENABLE_MODULES = YES;
				CLANG_ENABLE_OBJC_ARC = YES;
				CLANG_WARN_BOOL_CONVERSION = YES;
				CLANG_WARN_CONSTANT_CONVERSION = YES;
				CLANG_WARN_DIRECT_OBJC_ISA_USAGE = YES_ERROR;
				CLANG_WARN_EMPTY_BODY = YES;
				CLANG_WARN_ENUM_CONVERSION = YES;
				CLANG_WARN_INT_CONVERSION = YES;
				CLANG_WARN_OBJC_ROOT_CLASS = YES_ERROR;
				CLANG_WARN_UNREACHABLE_CODE = YES;
				CLANG_WARN__DUPLICATE_METHOD_MATCH = YES;
				"CODE_SIGN_IDENTITY[sdk=iphoneos*]" = "iPhone Developer";
				COPY_PHASE_STRIP = NO;
				ENABLE_STRICT_OBJC_MSGSEND = YES;
				GCC_C_LANGUAGE_STANDARD = gnu99;
				GCC_DYNAMIC_NO_PIC = NO;
				GCC_OPTIMIZATION_LEVEL = 0;
				GCC_PREPROCESSOR_DEFINITIONS = (
					"DEBUG=1",
					"$(inherited)",
				);
				GCC_SYMBOLS_PRIVATE_EXTERN = NO;
				GCC_WARN_64_TO_32_BIT_CONVERSION = YES;
				GCC_WARN_ABOUT_RETURN_TYPE = YES_ERROR;
				GCC_WARN_UNDECLARED_SELECTOR = YES;
				GCC_WARN_UNINITIALIZED_AUTOS = YES_AGGRESSIVE;
				GCC_WARN_UNUSED_FUNCTION = YES;
				GCC_WARN_UNUSED_VARIABLE = YES;
				IPHONEOS_DEPLOYMENT_TARGET = 8.1;
				MTL_ENABLE_DEBUG_INFO = YES;
				ONLY_ACTIVE_ARCH = YES;
				SDKROOT = iphoneos;
				SWIFT_OPTIMIZATION_LEVEL = "-Onone";
				TARGETED_DEVICE_FAMILY = "1,2";
			};
			name = Debug;
		};
		5EC2A3231A74F31B000DDF9B /* Release */ = {
			isa = XCBuildConfiguration;
			buildSettings = {
				ALWAYS_SEARCH_USER_PATHS = NO;
				CLANG_CXX_LANGUAGE_STANDARD = "gnu++0x";
				CLANG_CXX_LIBRARY = "libc++";
				CLANG_ENABLE_MODULES = YES;
				CLANG_ENABLE_OBJC_ARC = YES;
				CLANG_WARN_BOOL_CONVERSION = YES;
				CLANG_WARN_CONSTANT_CONVERSION = YES;
				CLANG_WARN_DIRECT_OBJC_ISA_USAGE = YES_ERROR;
				CLANG_WARN_EMPTY_BODY = YES;
				CLANG_WARN_ENUM_CONVERSION = YES;
				CLANG_WARN_INT_CONVERSION = YES;
				CLANG_WARN_OBJC_ROOT_CLASS = YES_ERROR;
				CLANG_WARN_UNREACHABLE_CODE = YES;
				CLANG_WARN__DUPLICATE_METHOD_MATCH = YES;
				"CODE_SIGN_IDENTITY[sdk=iphoneos*]" = "iPhone Developer";
				COPY_PHASE_STRIP = YES;
				ENABLE_NS_ASSERTIONS = NO;
				ENABLE_STRICT_OBJC_MSGSEND = YES;
				GCC_C_LANGUAGE_STANDARD = gnu99;
				GCC_WARN_64_TO_32_BIT_CONVERSION = YES;
				GCC_WARN_ABOUT_RETURN_TYPE = YES_ERROR;
				GCC_WARN_UNDECLARED_SELECTOR = YES;
				GCC_WARN_UNINITIALIZED_AUTOS = YES_AGGRESSIVE;
				GCC_WARN_UNUSED_FUNCTION = YES;
				GCC_WARN_UNUSED_VARIABLE = YES;
				IPHONEOS_DEPLOYMENT_TARGET = 8.1;
				MTL_ENABLE_DEBUG_INFO = NO;
				SDKROOT = iphoneos;
				TARGETED_DEVICE_FAMILY = "1,2";
				VALIDATE_PRODUCT = YES;
			};
			name = Release;
		};
		5EC2A3251A74F31B000DDF9B /* Debug */ = {
			isa = XCBuildConfiguration;
			buildSettings = {
				ASSETCATALOG_COMPILER_APPICON_NAME = AppIcon;
				INFOPLIST_FILE = "teamodoro-ios/Info.plist";
				LD_RUNPATH_SEARCH_PATHS = "$(inherited) @executable_path/Frameworks";
				PRODUCT_NAME = "$(TARGET_NAME)";
			};
			name = Debug;
		};
		5EC2A3261A74F31B000DDF9B /* Release */ = {
			isa = XCBuildConfiguration;
			buildSettings = {
				ASSETCATALOG_COMPILER_APPICON_NAME = AppIcon;
				INFOPLIST_FILE = "teamodoro-ios/Info.plist";
				LD_RUNPATH_SEARCH_PATHS = "$(inherited) @executable_path/Frameworks";
				PRODUCT_NAME = "$(TARGET_NAME)";
			};
			name = Release;
		};
		5EC2A3281A74F31B000DDF9B /* Debug */ = {
			isa = XCBuildConfiguration;
			buildSettings = {
				BUNDLE_LOADER = "$(TEST_HOST)";
				FRAMEWORK_SEARCH_PATHS = (
					"$(SDKROOT)/Developer/Library/Frameworks",
					"$(inherited)",
				);
				GCC_PREPROCESSOR_DEFINITIONS = (
					"DEBUG=1",
					"$(inherited)",
				);
				INFOPLIST_FILE = "teamodoro-iosTests/Info.plist";
				LD_RUNPATH_SEARCH_PATHS = "$(inherited) @executable_path/Frameworks @loader_path/Frameworks";
				PRODUCT_NAME = "$(TARGET_NAME)";
				TEST_HOST = "$(BUILT_PRODUCTS_DIR)/teamodoro-ios.app/teamodoro-ios";
			};
			name = Debug;
		};
		5EC2A3291A74F31B000DDF9B /* Release */ = {
			isa = XCBuildConfiguration;
			buildSettings = {
				BUNDLE_LOADER = "$(TEST_HOST)";
				FRAMEWORK_SEARCH_PATHS = (
					"$(SDKROOT)/Developer/Library/Frameworks",
					"$(inherited)",
				);
				INFOPLIST_FILE = "teamodoro-iosTests/Info.plist";
				LD_RUNPATH_SEARCH_PATHS = "$(inherited) @executable_path/Frameworks @loader_path/Frameworks";
				PRODUCT_NAME = "$(TARGET_NAME)";
				TEST_HOST = "$(BUILT_PRODUCTS_DIR)/teamodoro-ios.app/teamodoro-ios";
			};
			name = Release;
		};
/* End XCBuildConfiguration section */

/* Begin XCConfigurationList section */
		5EC2A3001A74F31B000DDF9B /* Build configuration list for PBXProject "teamodoro-ios" */ = {
			isa = XCConfigurationList;
			buildConfigurations = (
				5EC2A3221A74F31B000DDF9B /* Debug */,
				5EC2A3231A74F31B000DDF9B /* Release */,
			);
			defaultConfigurationIsVisible = 0;
			defaultConfigurationName = Release;
		};
		5EC2A3241A74F31B000DDF9B /* Build configuration list for PBXNativeTarget "teamodoro-ios" */ = {
			isa = XCConfigurationList;
			buildConfigurations = (
				5EC2A3251A74F31B000DDF9B /* Debug */,
				5EC2A3261A74F31B000DDF9B /* Release */,
			);
			defaultConfigurationIsVisible = 0;
			defaultConfigurationName = Release;
		};
		5EC2A3271A74F31B000DDF9B /* Build configuration list for PBXNativeTarget "teamodoro-iosTests" */ = {
			isa = XCConfigurationList;
			buildConfigurations = (
				5EC2A3281A74F31B000DDF9B /* Debug */,
				5EC2A3291A74F31B000DDF9B /* Release */,
			);
			defaultConfigurationIsVisible = 0;
			defaultConfigurationName = Release;
		};
/* End XCConfigurationList section */
	};
	rootObject = 5EC2A2FD1A74F31B000DDF9B /* Project object */;
}
